
Microsoft Visual Studio Solution File, Format Version 12.00
# Visual Studio Version 17
VisualStudioVersion = 17.12.35521.163 d17.12
MinimumVisualStudioVersion = 10.0.40219.1
Project("{FAE04EC0-301F-11D3-BF4B-00C04F79EFBC}") = "Tyuiu.PasechnikPA1.Sprint6.Task0.V11", "Tyuiu.PasechnikPA1.Sprint6.Task0.V11\Tyuiu.PasechnikPA1.Sprint6.Task0.V11.csproj", "{9783B2EA-9A9F-4BCD-8132-8109CAD97056}"
EndProject
Project("{2150E333-8FDC-42A3-9474-1A3956D46DE8}") = "Task0", "Task0", "{C4846A2D-181D-483E-BEF5-BE87CFAB1810}"
EndProject
Project("{FAE04EC0-301F-11D3-BF4B-00C04F79EFBC}") = "Tyuiu.PasechnikPA1.Sprint6.Task0.V11.Test", "Tyuiu.PasechnikPA1.Sprint6.Task0.V11.Test\Tyuiu.PasechnikPA1.Sprint6.Task0.V11.Test.csproj", "{BBC73145-6676-4E23-A485-F296A1A56706}"
EndProject
Project("{FAE04EC0-301F-11D3-BF4B-00C04F79EFBC}") = "Tyuiu.PasechnikPA1.Sprint6.Task0.V11.Lib", "Tyuiu.PasechnikPA1.Sprint6.Task0.V11.Lib\Tyuiu.PasechnikPA1.Sprint6.Task0.V11.Lib.csproj", "{9E238329-E06F-49F2-912A-DA10EF529FA6}"
EndProject
Project("{2150E333-8FDC-42A3-9474-1A3956D46DE8}") = "Task1", "Task1", "{C907A7F5-A901-4E76-9A21-12EED24B7BA4}"
EndProject
Project("{2150E333-8FDC-42A3-9474-1A3956D46DE8}") = "Task2", "Task2", "{B58D9C8B-424F-4DA2-A190-81614C184396}"
EndProject
Project("{2150E333-8FDC-42A3-9474-1A3956D46DE8}") = "Task3", "Task3", "{37CA3ACA-7B87-495B-80C0-E32D9DA7BA05}"
EndProject
Project("{2150E333-8FDC-42A3-9474-1A3956D46DE8}") = "Task4", "Task4", "{59FD9619-8C35-405B-88D6-35150217D3B2}"
EndProject
Project("{2150E333-8FDC-42A3-9474-1A3956D46DE8}") = "Task5", "Task5", "{5209CE06-200C-4D06-9007-7C8F75E59FE9}"
EndProject
Project("{2150E333-8FDC-42A3-9474-1A3956D46DE8}") = "Task6", "Task6", "{4A1E6930-5AF2-4C4A-A9B8-4E5374D7BA64}"
EndProject
Project("{2150E333-8FDC-42A3-9474-1A3956D46DE8}") = "Task7", "Task7", "{714AC2E1-55AE-4428-B0C5-3B1FEE317849}"
EndProject
Project("{FAE04EC0-301F-11D3-BF4B-00C04F79EFBC}") = "Tyuiu.PasechnikPA1.Sprint6.Task1.V21", "Tyuiu.PasechnikPA1.Sprint6.Task1.V21\Tyuiu.PasechnikPA1.Sprint6.Task1.V21.csproj", "{A9976786-5BA3-4DEB-A15B-0E0D294AFB5F}"
EndProject
Project("{FAE04EC0-301F-11D3-BF4B-00C04F79EFBC}") = "Tyuiu.PasechnikPA1.Sprint6.Task1.V21.Test", "Tyuiu.PasechnikPA1.Sprint6.Task1.V21.Test\Tyuiu.PasechnikPA1.Sprint6.Task1.V21.Test.csproj", "{34327915-F38C-42BC-8CEB-A27645ACA2F7}"
EndProject
Project("{FAE04EC0-301F-11D3-BF4B-00C04F79EFBC}") = "Tyuiu.PasechnikPA1.Sprint6.Task1.V21.Lib", "Tyuiu.PasechnikPA1.Sprint6.Task1.V21.Lib\Tyuiu.PasechnikPA1.Sprint6.Task1.V21.Lib.csproj", "{F57DB1B8-13DA-4AE6-B249-33D3B67C207B}"
EndProject
Project("{FAE04EC0-301F-11D3-BF4B-00C04F79EFBC}") = "Tyuiu.PasechnikPA1.Sprint6.Task2.V23", "Tyuiu.PasechnikPA1.Sprint6.Task2.V23\Tyuiu.PasechnikPA1.Sprint6.Task2.V23.csproj", "{6E440C1F-852F-426F-873A-12FB8D8720D9}"
EndProject
Project("{FAE04EC0-301F-11D3-BF4B-00C04F79EFBC}") = "Tyuiu.PasechnikPA1.Sprint6.Task2.V23.Test", "Tyuiu.PasechnikPA1.Sprint6.Task2.V23.Test\Tyuiu.PasechnikPA1.Sprint6.Task2.V23.Test.csproj", "{B18749EB-9936-4E16-A136-872473EE4620}"
EndProject
Project("{FAE04EC0-301F-11D3-BF4B-00C04F79EFBC}") = "Tyuiu.PasechnikPA1.Sprint6.Task2.V23.Lib", "Tyuiu.PasechnikPA1.Sprint6.Task2.V23.Lib\Tyuiu.PasechnikPA1.Sprint6.Task2.V23.Lib.csproj", "{798C20AC-2605-42F7-BA0F-C1BCC1EA9C4F}"
EndProject
Project("{FAE04EC0-301F-11D3-BF4B-00C04F79EFBC}") = "Tyuiu.PasechnikPA1.Sprint6.Task3.V5", "Tyuiu.PasechnikPA1.Sprint6.Task3.V5\Tyuiu.PasechnikPA1.Sprint6.Task3.V5.csproj", "{1CBBA5C1-D97E-4C5C-83E9-1B2792A7A068}"
EndProject
Project("{FAE04EC0-301F-11D3-BF4B-00C04F79EFBC}") = "Tyuiu.PasechnikPA1.Sprint6.Task3.V5.Test", "Tyuiu.PasechnikPA1.Sprint6.Task3.V5.Test\Tyuiu.PasechnikPA1.Sprint6.Task3.V5.Test.csproj", "{43E92619-5F8D-4AA3-818F-64C147BD9658}"
EndProject
Project("{FAE04EC0-301F-11D3-BF4B-00C04F79EFBC}") = "Tyuiu.PasechnikPA1.Sprint6.Task3.V5.Lib", "Tyuiu.PasechnikPA1.Sprint6.Task3.V5.Lib\Tyuiu.PasechnikPA1.Sprint6.Task3.V5.Lib.csproj", "{2568D4AD-98CF-4EA1-83D4-BE023EF5B652}"
EndProject
Global
	GlobalSection(SolutionConfigurationPlatforms) = preSolution
		Debug|Any CPU = Debug|Any CPU
		Release|Any CPU = Release|Any CPU
	EndGlobalSection
	GlobalSection(ProjectConfigurationPlatforms) = postSolution
		{9783B2EA-9A9F-4BCD-8132-8109CAD97056}.Debug|Any CPU.ActiveCfg = Debug|Any CPU
		{9783B2EA-9A9F-4BCD-8132-8109CAD97056}.Debug|Any CPU.Build.0 = Debug|Any CPU
		{9783B2EA-9A9F-4BCD-8132-8109CAD97056}.Release|Any CPU.ActiveCfg = Release|Any CPU
		{9783B2EA-9A9F-4BCD-8132-8109CAD97056}.Release|Any CPU.Build.0 = Release|Any CPU
		{BBC73145-6676-4E23-A485-F296A1A56706}.Debug|Any CPU.ActiveCfg = Debug|Any CPU
		{BBC73145-6676-4E23-A485-F296A1A56706}.Debug|Any CPU.Build.0 = Debug|Any CPU
		{BBC73145-6676-4E23-A485-F296A1A56706}.Release|Any CPU.ActiveCfg = Release|Any CPU
		{BBC73145-6676-4E23-A485-F296A1A56706}.Release|Any CPU.Build.0 = Release|Any CPU
		{9E238329-E06F-49F2-912A-DA10EF529FA6}.Debug|Any CPU.ActiveCfg = Debug|Any CPU
		{9E238329-E06F-49F2-912A-DA10EF529FA6}.Debug|Any CPU.Build.0 = Debug|Any CPU
		{9E238329-E06F-49F2-912A-DA10EF529FA6}.Release|Any CPU.ActiveCfg = Release|Any CPU
		{9E238329-E06F-49F2-912A-DA10EF529FA6}.Release|Any CPU.Build.0 = Release|Any CPU
		{A9976786-5BA3-4DEB-A15B-0E0D294AFB5F}.Debug|Any CPU.ActiveCfg = Debug|Any CPU
		{A9976786-5BA3-4DEB-A15B-0E0D294AFB5F}.Debug|Any CPU.Build.0 = Debug|Any CPU
		{A9976786-5BA3-4DEB-A15B-0E0D294AFB5F}.Release|Any CPU.ActiveCfg = Release|Any CPU
		{A9976786-5BA3-4DEB-A15B-0E0D294AFB5F}.Release|Any CPU.Build.0 = Release|Any CPU
		{34327915-F38C-42BC-8CEB-A27645ACA2F7}.Debug|Any CPU.ActiveCfg = Debug|Any CPU
		{34327915-F38C-42BC-8CEB-A27645ACA2F7}.Debug|Any CPU.Build.0 = Debug|Any CPU
		{34327915-F38C-42BC-8CEB-A27645ACA2F7}.Release|Any CPU.ActiveCfg = Release|Any CPU
		{34327915-F38C-42BC-8CEB-A27645ACA2F7}.Release|Any CPU.Build.0 = Release|Any CPU
		{F57DB1B8-13DA-4AE6-B249-33D3B67C207B}.Debug|Any CPU.ActiveCfg = Debug|Any CPU
		{F57DB1B8-13DA-4AE6-B249-33D3B67C207B}.Debug|Any CPU.Build.0 = Debug|Any CPU
		{F57DB1B8-13DA-4AE6-B249-33D3B67C207B}.Release|Any CPU.ActiveCfg = Release|Any CPU
		{F57DB1B8-13DA-4AE6-B249-33D3B67C207B}.Release|Any CPU.Build.0 = Release|Any CPU
		{6E440C1F-852F-426F-873A-12FB8D8720D9}.Debug|Any CPU.ActiveCfg = Debug|Any CPU
		{6E440C1F-852F-426F-873A-12FB8D8720D9}.Debug|Any CPU.Build.0 = Debug|Any CPU
		{6E440C1F-852F-426F-873A-12FB8D8720D9}.Release|Any CPU.ActiveCfg = Release|Any CPU
		{6E440C1F-852F-426F-873A-12FB8D8720D9}.Release|Any CPU.Build.0 = Release|Any CPU
		{B18749EB-9936-4E16-A136-872473EE4620}.Debug|Any CPU.ActiveCfg = Debug|Any CPU
		{B18749EB-9936-4E16-A136-872473EE4620}.Debug|Any CPU.Build.0 = Debug|Any CPU
		{B18749EB-9936-4E16-A136-872473EE4620}.Release|Any CPU.ActiveCfg = Release|Any CPU
		{B18749EB-9936-4E16-A136-872473EE4620}.Release|Any CPU.Build.0 = Release|Any CPU
		{798C20AC-2605-42F7-BA0F-C1BCC1EA9C4F}.Debug|Any CPU.ActiveCfg = Debug|Any CPU
		{798C20AC-2605-42F7-BA0F-C1BCC1EA9C4F}.Debug|Any CPU.Build.0 = Debug|Any CPU
		{798C20AC-2605-42F7-BA0F-C1BCC1EA9C4F}.Release|Any CPU.ActiveCfg = Release|Any CPU
		{798C20AC-2605-42F7-BA0F-C1BCC1EA9C4F}.Release|Any CPU.Build.0 = Release|Any CPU
		{1CBBA5C1-D97E-4C5C-83E9-1B2792A7A068}.Debug|Any CPU.ActiveCfg = Debug|Any CPU
		{1CBBA5C1-D97E-4C5C-83E9-1B2792A7A068}.Debug|Any CPU.Build.0 = Debug|Any CPU
		{1CBBA5C1-D97E-4C5C-83E9-1B2792A7A068}.Release|Any CPU.ActiveCfg = Release|Any CPU
		{1CBBA5C1-D97E-4C5C-83E9-1B2792A7A068}.Release|Any CPU.Build.0 = Release|Any CPU
		{43E92619-5F8D-4AA3-818F-64C147BD9658}.Debug|Any CPU.ActiveCfg = Debug|Any CPU
		{43E92619-5F8D-4AA3-818F-64C147BD9658}.Debug|Any CPU.Build.0 = Debug|Any CPU
		{43E92619-5F8D-4AA3-818F-64C147BD9658}.Release|Any CPU.ActiveCfg = Release|Any CPU
		{43E92619-5F8D-4AA3-818F-64C147BD9658}.Release|Any CPU.Build.0 = Release|Any CPU
		{2568D4AD-98CF-4EA1-83D4-BE023EF5B652}.Debug|Any CPU.ActiveCfg = Debug|Any CPU
		{2568D4AD-98CF-4EA1-83D4-BE023EF5B652}.Debug|Any CPU.Build.0 = Debug|Any CPU
		{2568D4AD-98CF-4EA1-83D4-BE023EF5B652}.Release|Any CPU.ActiveCfg = Release|Any CPU
		{2568D4AD-98CF-4EA1-83D4-BE023EF5B652}.Release|Any CPU.Build.0 = Release|Any CPU
	EndGlobalSection
	GlobalSection(SolutionProperties) = preSolution
		HideSolutionNode = FALSE
	EndGlobalSection
	GlobalSection(NestedProjects) = preSolution
		{9783B2EA-9A9F-4BCD-8132-8109CAD97056} = {C4846A2D-181D-483E-BEF5-BE87CFAB1810}
		{BBC73145-6676-4E23-A485-F296A1A56706} = {C4846A2D-181D-483E-BEF5-BE87CFAB1810}
		{9E238329-E06F-49F2-912A-DA10EF529FA6} = {C4846A2D-181D-483E-BEF5-BE87CFAB1810}
		{A9976786-5BA3-4DEB-A15B-0E0D294AFB5F} = {C907A7F5-A901-4E76-9A21-12EED24B7BA4}
		{34327915-F38C-42BC-8CEB-A27645ACA2F7} = {C907A7F5-A901-4E76-9A21-12EED24B7BA4}
		{F57DB1B8-13DA-4AE6-B249-33D3B67C207B} = {C907A7F5-A901-4E76-9A21-12EED24B7BA4}
		{6E440C1F-852F-426F-873A-12FB8D8720D9} = {B58D9C8B-424F-4DA2-A190-81614C184396}
		{B18749EB-9936-4E16-A136-872473EE4620} = {B58D9C8B-424F-4DA2-A190-81614C184396}
		{798C20AC-2605-42F7-BA0F-C1BCC1EA9C4F} = {B58D9C8B-424F-4DA2-A190-81614C184396}
		{1CBBA5C1-D97E-4C5C-83E9-1B2792A7A068} = {37CA3ACA-7B87-495B-80C0-E32D9DA7BA05}
		{43E92619-5F8D-4AA3-818F-64C147BD9658} = {37CA3ACA-7B87-495B-80C0-E32D9DA7BA05}
		{2568D4AD-98CF-4EA1-83D4-BE023EF5B652} = {37CA3ACA-7B87-495B-80C0-E32D9DA7BA05}
	EndGlobalSection
EndGlobal
